
Microsoft Visual Studio Solution File, Format Version 12.00
# Visual Studio Version 17
VisualStudioVersion = 17.1.32228.430
MinimumVisualStudioVersion = 10.0.40219.1
Project("{FAE04EC0-301F-11D3-BF4B-00C04F79EFBC}") = "PlanTechShenApp.Android", "PlanTechShenApp.Android\PlanTechShenApp.Android.csproj", "{435DB921-A5E6-4072-839C-24EC228EE286}"
EndProject
Project("{FAE04EC0-301F-11D3-BF4B-00C04F79EFBC}") = "PlanTechShenApp.iOS", "PlanTechShenApp.iOS\PlanTechShenApp.iOS.csproj", "{FBCB84C8-1A53-4802-8741-D07C06D9BD1D}"
EndProject
Project("{9A19103F-16F7-4668-BE54-9A1E7A4F7556}") = "PlanTechShenApp", "PlanTechShenApp\PlanTechShenApp.csproj", "{99A1EA53-387A-48E4-A5A9-E22891BAA1D2}"
EndProject
Project("{2150E333-8FDC-42A3-9474-1A3956D46DE8}") = "Service", "Service", "{F8D59334-964A-4377-864D-E5DACD8CBCD6}"
EndProject
Project("{2150E333-8FDC-42A3-9474-1A3956D46DE8}") = "Mobile", "Mobile", "{078606F6-0600-46BA-869C-A1A5460A4BED}"
EndProject
Project("{2150E333-8FDC-42A3-9474-1A3956D46DE8}") = "Shared", "Shared", "{ABB1C1DF-CFF3-4D06-9A47-67CB834076FD}"
EndProject
Project("{9A19103F-16F7-4668-BE54-9A1E7A4F7556}") = "PlanTechShenShared", "PlanTechShenShared\PlanTechShenShared.csproj", "{89594C95-7CB4-43A3-9EEC-A74E97F7527E}"
EndProject
Project("{9A19103F-16F7-4668-BE54-9A1E7A4F7556}") = "PlanTechShenWebApi", "PlanTechShenWebApi\PlanTechShenWebApi.csproj", "{0ECFC22B-D121-4983-BCCA-1C63E2935807}"
EndProject
Project("{11A8DD76-328B-46DF-9F39-F559912D0360}") = "PlantTechShenNFApp", "PlantTechShenNFApp\PlantTechShenNFApp.nfproj", "{84C88A15-BD38-459B-B25A-25D7E09346F0}"
EndProject
Global
	GlobalSection(SolutionConfigurationPlatforms) = preSolution
		Debug|Any CPU = Debug|Any CPU
		Debug|iPhone = Debug|iPhone
		Debug|iPhoneSimulator = Debug|iPhoneSimulator
		Release|Any CPU = Release|Any CPU
		Release|iPhone = Release|iPhone
		Release|iPhoneSimulator = Release|iPhoneSimulator
	EndGlobalSection
	GlobalSection(ProjectConfigurationPlatforms) = postSolution
		{435DB921-A5E6-4072-839C-24EC228EE286}.Debug|Any CPU.ActiveCfg = Debug|Any CPU
		{435DB921-A5E6-4072-839C-24EC228EE286}.Debug|Any CPU.Build.0 = Debug|Any CPU
		{435DB921-A5E6-4072-839C-24EC228EE286}.Debug|Any CPU.Deploy.0 = Debug|Any CPU
		{435DB921-A5E6-4072-839C-24EC228EE286}.Debug|iPhone.ActiveCfg = Debug|Any CPU
		{435DB921-A5E6-4072-839C-24EC228EE286}.Debug|iPhone.Build.0 = Debug|Any CPU
		{435DB921-A5E6-4072-839C-24EC228EE286}.Debug|iPhone.Deploy.0 = Debug|Any CPU
		{435DB921-A5E6-4072-839C-24EC228EE286}.Debug|iPhoneSimulator.ActiveCfg = Debug|Any CPU
		{435DB921-A5E6-4072-839C-24EC228EE286}.Debug|iPhoneSimulator.Build.0 = Debug|Any CPU
		{435DB921-A5E6-4072-839C-24EC228EE286}.Debug|iPhoneSimulator.Deploy.0 = Debug|Any CPU
		{435DB921-A5E6-4072-839C-24EC228EE286}.Release|Any CPU.ActiveCfg = Release|Any CPU
		{435DB921-A5E6-4072-839C-24EC228EE286}.Release|Any CPU.Build.0 = Release|Any CPU
		{435DB921-A5E6-4072-839C-24EC228EE286}.Release|Any CPU.Deploy.0 = Release|Any CPU
		{435DB921-A5E6-4072-839C-24EC228EE286}.Release|iPhone.ActiveCfg = Release|Any CPU
		{435DB921-A5E6-4072-839C-24EC228EE286}.Release|iPhone.Build.0 = Release|Any CPU
		{435DB921-A5E6-4072-839C-24EC228EE286}.Release|iPhone.Deploy.0 = Release|Any CPU
		{435DB921-A5E6-4072-839C-24EC228EE286}.Release|iPhoneSimulator.ActiveCfg = Release|Any CPU
		{435DB921-A5E6-4072-839C-24EC228EE286}.Release|iPhoneSimulator.Build.0 = Release|Any CPU
		{435DB921-A5E6-4072-839C-24EC228EE286}.Release|iPhoneSimulator.Deploy.0 = Release|Any CPU
		{FBCB84C8-1A53-4802-8741-D07C06D9BD1D}.Debug|Any CPU.ActiveCfg = Debug|iPhone
		{FBCB84C8-1A53-4802-8741-D07C06D9BD1D}.Debug|Any CPU.Build.0 = Debug|iPhone
		{FBCB84C8-1A53-4802-8741-D07C06D9BD1D}.Debug|Any CPU.Deploy.0 = Debug|iPhone
		{FBCB84C8-1A53-4802-8741-D07C06D9BD1D}.Debug|iPhone.ActiveCfg = Debug|iPhone
		{FBCB84C8-1A53-4802-8741-D07C06D9BD1D}.Debug|iPhone.Build.0 = Debug|iPhone
		{FBCB84C8-1A53-4802-8741-D07C06D9BD1D}.Debug|iPhone.Deploy.0 = Debug|iPhone
		{FBCB84C8-1A53-4802-8741-D07C06D9BD1D}.Debug|iPhoneSimulator.ActiveCfg = Debug|iPhoneSimulator
		{FBCB84C8-1A53-4802-8741-D07C06D9BD1D}.Debug|iPhoneSimulator.Build.0 = Debug|iPhoneSimulator
		{FBCB84C8-1A53-4802-8741-D07C06D9BD1D}.Debug|iPhoneSimulator.Deploy.0 = Debug|iPhoneSimulator
		{FBCB84C8-1A53-4802-8741-D07C06D9BD1D}.Release|Any CPU.ActiveCfg = Release|iPhoneSimulator
		{FBCB84C8-1A53-4802-8741-D07C06D9BD1D}.Release|Any CPU.Build.0 = Release|iPhoneSimulator
		{FBCB84C8-1A53-4802-8741-D07C06D9BD1D}.Release|Any CPU.Deploy.0 = Release|iPhoneSimulator
		{FBCB84C8-1A53-4802-8741-D07C06D9BD1D}.Release|iPhone.ActiveCfg = Release|iPhone
		{FBCB84C8-1A53-4802-8741-D07C06D9BD1D}.Release|iPhone.Build.0 = Release|iPhone
		{FBCB84C8-1A53-4802-8741-D07C06D9BD1D}.Release|iPhone.Deploy.0 = Release|iPhone
		{FBCB84C8-1A53-4802-8741-D07C06D9BD1D}.Release|iPhoneSimulator.ActiveCfg = Release|iPhoneSimulator
		{FBCB84C8-1A53-4802-8741-D07C06D9BD1D}.Release|iPhoneSimulator.Build.0 = Release|iPhoneSimulator
		{FBCB84C8-1A53-4802-8741-D07C06D9BD1D}.Release|iPhoneSimulator.Deploy.0 = Release|iPhoneSimulator
		{99A1EA53-387A-48E4-A5A9-E22891BAA1D2}.Debug|Any CPU.ActiveCfg = Debug|Any CPU
		{99A1EA53-387A-48E4-A5A9-E22891BAA1D2}.Debug|Any CPU.Build.0 = Debug|Any CPU
		{99A1EA53-387A-48E4-A5A9-E22891BAA1D2}.Debug|Any CPU.Deploy.0 = Debug|Any CPU
		{99A1EA53-387A-48E4-A5A9-E22891BAA1D2}.Debug|iPhone.ActiveCfg = Debug|Any CPU
		{99A1EA53-387A-48E4-A5A9-E22891BAA1D2}.Debug|iPhone.Build.0 = Debug|Any CPU
		{99A1EA53-387A-48E4-A5A9-E22891BAA1D2}.Debug|iPhone.Deploy.0 = Debug|Any CPU
		{99A1EA53-387A-48E4-A5A9-E22891BAA1D2}.Debug|iPhoneSimulator.ActiveCfg = Debug|Any CPU
		{99A1EA53-387A-48E4-A5A9-E22891BAA1D2}.Debug|iPhoneSimulator.Build.0 = Debug|Any CPU
		{99A1EA53-387A-48E4-A5A9-E22891BAA1D2}.Debug|iPhoneSimulator.Deploy.0 = Debug|Any CPU
		{99A1EA53-387A-48E4-A5A9-E22891BAA1D2}.Release|Any CPU.ActiveCfg = Release|Any CPU
		{99A1EA53-387A-48E4-A5A9-E22891BAA1D2}.Release|Any CPU.Build.0 = Release|Any CPU
		{99A1EA53-387A-48E4-A5A9-E22891BAA1D2}.Release|Any CPU.Deploy.0 = Release|Any CPU
		{99A1EA53-387A-48E4-A5A9-E22891BAA1D2}.Release|iPhone.ActiveCfg = Release|Any CPU
		{99A1EA53-387A-48E4-A5A9-E22891BAA1D2}.Release|iPhone.Build.0 = Release|Any CPU
		{99A1EA53-387A-48E4-A5A9-E22891BAA1D2}.Release|iPhone.Deploy.0 = Release|Any CPU
		{99A1EA53-387A-48E4-A5A9-E22891BAA1D2}.Release|iPhoneSimulator.ActiveCfg = Release|Any CPU
		{99A1EA53-387A-48E4-A5A9-E22891BAA1D2}.Release|iPhoneSimulator.Build.0 = Release|Any CPU
		{99A1EA53-387A-48E4-A5A9-E22891BAA1D2}.Release|iPhoneSimulator.Deploy.0 = Release|Any CPU
		{89594C95-7CB4-43A3-9EEC-A74E97F7527E}.Debug|Any CPU.ActiveCfg = Debug|Any CPU
		{89594C95-7CB4-43A3-9EEC-A74E97F7527E}.Debug|Any CPU.Build.0 = Debug|Any CPU
		{89594C95-7CB4-43A3-9EEC-A74E97F7527E}.Debug|iPhone.ActiveCfg = Debug|Any CPU
		{89594C95-7CB4-43A3-9EEC-A74E97F7527E}.Debug|iPhone.Build.0 = Debug|Any CPU
		{89594C95-7CB4-43A3-9EEC-A74E97F7527E}.Debug|iPhoneSimulator.ActiveCfg = Debug|Any CPU
		{89594C95-7CB4-43A3-9EEC-A74E97F7527E}.Debug|iPhoneSimulator.Build.0 = Debug|Any CPU
		{89594C95-7CB4-43A3-9EEC-A74E97F7527E}.Release|Any CPU.ActiveCfg = Release|Any CPU
		{89594C95-7CB4-43A3-9EEC-A74E97F7527E}.Release|Any CPU.Build.0 = Release|Any CPU
		{89594C95-7CB4-43A3-9EEC-A74E97F7527E}.Release|iPhone.ActiveCfg = Release|Any CPU
		{89594C95-7CB4-43A3-9EEC-A74E97F7527E}.Release|iPhone.Build.0 = Release|Any CPU
		{89594C95-7CB4-43A3-9EEC-A74E97F7527E}.Release|iPhoneSimulator.ActiveCfg = Release|Any CPU
		{89594C95-7CB4-43A3-9EEC-A74E97F7527E}.Release|iPhoneSimulator.Build.0 = Release|Any CPU
		{0ECFC22B-D121-4983-BCCA-1C63E2935807}.Debug|Any CPU.ActiveCfg = Debug|Any CPU
		{0ECFC22B-D121-4983-BCCA-1C63E2935807}.Debug|Any CPU.Build.0 = Debug|Any CPU
		{0ECFC22B-D121-4983-BCCA-1C63E2935807}.Debug|iPhone.ActiveCfg = Debug|Any CPU
		{0ECFC22B-D121-4983-BCCA-1C63E2935807}.Debug|iPhone.Build.0 = Debug|Any CPU
		{0ECFC22B-D121-4983-BCCA-1C63E2935807}.Debug|iPhoneSimulator.ActiveCfg = Debug|Any CPU
		{0ECFC22B-D121-4983-BCCA-1C63E2935807}.Debug|iPhoneSimulator.Build.0 = Debug|Any CPU
		{0ECFC22B-D121-4983-BCCA-1C63E2935807}.Release|Any CPU.ActiveCfg = Release|Any CPU
		{0ECFC22B-D121-4983-BCCA-1C63E2935807}.Release|Any CPU.Build.0 = Release|Any CPU
		{0ECFC22B-D121-4983-BCCA-1C63E2935807}.Release|iPhone.ActiveCfg = Release|Any CPU
		{0ECFC22B-D121-4983-BCCA-1C63E2935807}.Release|iPhone.Build.0 = Release|Any CPU
		{0ECFC22B-D121-4983-BCCA-1C63E2935807}.Release|iPhoneSimulator.ActiveCfg = Release|Any CPU
		{0ECFC22B-D121-4983-BCCA-1C63E2935807}.Release|iPhoneSimulator.Build.0 = Release|Any CPU
		{84C88A15-BD38-459B-B25A-25D7E09346F0}.Debug|Any CPU.ActiveCfg = Debug|Any CPU
		{84C88A15-BD38-459B-B25A-25D7E09346F0}.Debug|Any CPU.Build.0 = Debug|Any CPU
		{84C88A15-BD38-459B-B25A-25D7E09346F0}.Debug|Any CPU.Deploy.0 = Debug|Any CPU
		{84C88A15-BD38-459B-B25A-25D7E09346F0}.Debug|iPhone.ActiveCfg = Debug|Any CPU
		{84C88A15-BD38-459B-B25A-25D7E09346F0}.Debug|iPhone.Build.0 = Debug|Any CPU
		{84C88A15-BD38-459B-B25A-25D7E09346F0}.Debug|iPhone.Deploy.0 = Debug|Any CPU
		{84C88A15-BD38-459B-B25A-25D7E09346F0}.Debug|iPhoneSimulator.ActiveCfg = Debug|Any CPU
		{84C88A15-BD38-459B-B25A-25D7E09346F0}.Debug|iPhoneSimulator.Build.0 = Debug|Any CPU
		{84C88A15-BD38-459B-B25A-25D7E09346F0}.Debug|iPhoneSimulator.Deploy.0 = Debug|Any CPU
		{84C88A15-BD38-459B-B25A-25D7E09346F0}.Release|Any CPU.ActiveCfg = Release|Any CPU
		{84C88A15-BD38-459B-B25A-25D7E09346F0}.Release|Any CPU.Build.0 = Release|Any CPU
		{84C88A15-BD38-459B-B25A-25D7E09346F0}.Release|Any CPU.Deploy.0 = Release|Any CPU
		{84C88A15-BD38-459B-B25A-25D7E09346F0}.Release|iPhone.ActiveCfg = Release|Any CPU
		{84C88A15-BD38-459B-B25A-25D7E09346F0}.Release|iPhone.Build.0 = Release|Any CPU
		{84C88A15-BD38-459B-B25A-25D7E09346F0}.Release|iPhone.Deploy.0 = Release|Any CPU
		{84C88A15-BD38-459B-B25A-25D7E09346F0}.Release|iPhoneSimulator.ActiveCfg = Release|Any CPU
		{84C88A15-BD38-459B-B25A-25D7E09346F0}.Release|iPhoneSimulator.Build.0 = Release|Any CPU
		{84C88A15-BD38-459B-B25A-25D7E09346F0}.Release|iPhoneSimulator.Deploy.0 = Release|Any CPU
	EndGlobalSection
	GlobalSection(SolutionProperties) = preSolution
		HideSolutionNode = FALSE
	EndGlobalSection
	GlobalSection(NestedProjects) = preSolution
		{435DB921-A5E6-4072-839C-24EC228EE286} = {078606F6-0600-46BA-869C-A1A5460A4BED}
		{FBCB84C8-1A53-4802-8741-D07C06D9BD1D} = {078606F6-0600-46BA-869C-A1A5460A4BED}
		{99A1EA53-387A-48E4-A5A9-E22891BAA1D2} = {078606F6-0600-46BA-869C-A1A5460A4BED}
		{89594C95-7CB4-43A3-9EEC-A74E97F7527E} = {ABB1C1DF-CFF3-4D06-9A47-67CB834076FD}
		{0ECFC22B-D121-4983-BCCA-1C63E2935807} = {F8D59334-964A-4377-864D-E5DACD8CBCD6}
	EndGlobalSection
	GlobalSection(ExtensibilityGlobals) = postSolution
		SolutionGuid = {FBA52311-A7C0-40E0-B596-7CDA520A0311}
	EndGlobalSection
EndGlobal
